
Microsoft Visual Studio Solution File, Format Version 12.00
# Visual Studio Version 16
VisualStudioVersion = 16.0.31005.135
MinimumVisualStudioVersion = 10.0.40219.1
Project("{9A19103F-16F7-4668-BE54-9A1E7A4F7556}") = "ElectricityMod", "ElectricityMod.csproj", "{D1A18149-5855-4EDF-8E82-FC14E957F360}"
EndProject
Global
	GlobalSection(SolutionConfigurationPlatforms) = preSolution
		Debug|Any CPU = Debug|Any CPU
		Release|Any CPU = Release|Any CPU
	EndGlobalSection
	GlobalSection(ProjectConfigurationPlatforms) = postSolution
		{D1A18149-5855-4EDF-8E82-FC14E957F360}.Debug|Any CPU.ActiveCfg = Debug|Any CPU
		{D1A18149-5855-4EDF-8E82-FC14E957F360}.Debug|Any CPU.Build.0 = Debug|Any CPU
		{D1A18149-5855-4EDF-8E82-FC14E957F360}.Release|Any CPU.ActiveCfg = Release|Any CPU
		{D1A18149-5855-4EDF-8E82-FC14E957F360}.Release|Any CPU.Build.0 = Release|Any CPU
	EndGlobalSection
	GlobalSection(SolutionProperties) = preSolution
		HideSolutionNode = FALSE
	EndGlobalSection
	GlobalSection(ExtensibilityGlobals) = postSolution
		SolutionGuid = {493D6862-3DDF-4A65-859C-48ECA8BF817C}
	EndGlobalSection
EndGlobal
